// !$*UTF8*$!
{
	archiveVersion = 1;
	classes = {
	};
	objectVersion = 56;
	objects = {

/* Begin PBXBuildFile section */
		2E40387E2AD00EF300EF9B5C /* PopularMoviesView.swift in Sources */ = {isa = PBXBuildFile; fileRef = 2E40387D2AD00EF300EF9B5C /* PopularMoviesView.swift */; };
		2E4038802AD00F0500EF9B5C /* PopularMoviesViewController.swift in Sources */ = {isa = PBXBuildFile; fileRef = 2E40387F2AD00F0500EF9B5C /* PopularMoviesViewController.swift */; };
		2E4038822AD00F1600EF9B5C /* PopularMoviesPresenter.swift in Sources */ = {isa = PBXBuildFile; fileRef = 2E4038812AD00F1600EF9B5C /* PopularMoviesPresenter.swift */; };
		2E4038842AD00F2100EF9B5C /* PopularMoviesInteractor.swift in Sources */ = {isa = PBXBuildFile; fileRef = 2E4038832AD00F2100EF9B5C /* PopularMoviesInteractor.swift */; };
		2E4038862AD00F2B00EF9B5C /* PopularMoviesRouter.swift in Sources */ = {isa = PBXBuildFile; fileRef = 2E4038852AD00F2B00EF9B5C /* PopularMoviesRouter.swift */; };
		2E4038882AD00F3300EF9B5C /* PopularMoviewBuilder.swift in Sources */ = {isa = PBXBuildFile; fileRef = 2E4038872AD00F3300EF9B5C /* PopularMoviewBuilder.swift */; };
		2E40388A2AD01FC700EF9B5C /* StoryCell.swift in Sources */ = {isa = PBXBuildFile; fileRef = 2E4038892AD01FC700EF9B5C /* StoryCell.swift */; };
		2E4038922AD045FA00EF9B5C /* ContainerViewController.swift in Sources */ = {isa = PBXBuildFile; fileRef = 2E4038912AD045FA00EF9B5C /* ContainerViewController.swift */; };
		2E474B742ACD97B700707045 /* DetailModuleBuilder.swift in Sources */ = {isa = PBXBuildFile; fileRef = 2E474B732ACD97B700707045 /* DetailModuleBuilder.swift */; };
		2E474B762ACDA13200707045 /* Readme in Resources */ = {isa = PBXBuildFile; fileRef = 2E474B752ACDA13200707045 /* Readme */; };
		2EAF792A2ACC04440064E2E1 /* DetailView.swift in Sources */ = {isa = PBXBuildFile; fileRef = 2EAF79292ACC04440064E2E1 /* DetailView.swift */; };
		2EAF792C2ACC044E0064E2E1 /* DetailViewController.swift in Sources */ = {isa = PBXBuildFile; fileRef = 2EAF792B2ACC044E0064E2E1 /* DetailViewController.swift */; };
		2EAF792E2ACC04570064E2E1 /* DetailPresenter.swift in Sources */ = {isa = PBXBuildFile; fileRef = 2EAF792D2ACC04570064E2E1 /* DetailPresenter.swift */; };
		2EAF79302ACC04600064E2E1 /* DetailInteractor.swift in Sources */ = {isa = PBXBuildFile; fileRef = 2EAF792F2ACC04600064E2E1 /* DetailInteractor.swift */; };
		2EAF79322ACC04680064E2E1 /* DetailRouter.swift in Sources */ = {isa = PBXBuildFile; fileRef = 2EAF79312ACC04680064E2E1 /* DetailRouter.swift */; };
		2EAF79342ACC04750064E2E1 /* DetailEntity.swift in Sources */ = {isa = PBXBuildFile; fileRef = 2EAF79332ACC04750064E2E1 /* DetailEntity.swift */; };
		2EAF79372ACC07300064E2E1 /* DetailModel.swift in Sources */ = {isa = PBXBuildFile; fileRef = 2EAF79362ACC07300064E2E1 /* DetailModel.swift */; };
		2EDCEF242AC6D4360003E518 /* AppDelegate.swift in Sources */ = {isa = PBXBuildFile; fileRef = 2EDCEF232AC6D4360003E518 /* AppDelegate.swift */; };
		2EDCEF262AC6D4360003E518 /* SceneDelegate.swift in Sources */ = {isa = PBXBuildFile; fileRef = 2EDCEF252AC6D4360003E518 /* SceneDelegate.swift */; };
		2EDCEF2D2AC6D4370003E518 /* Assets.xcassets in Resources */ = {isa = PBXBuildFile; fileRef = 2EDCEF2C2AC6D4370003E518 /* Assets.xcassets */; };
		2EDCEF302AC6D4370003E518 /* LaunchScreen.storyboard in Resources */ = {isa = PBXBuildFile; fileRef = 2EDCEF2E2AC6D4370003E518 /* LaunchScreen.storyboard */; };
		2EDCEF392ACABEC30003E518 /* MovieListViewController.swift in Sources */ = {isa = PBXBuildFile; fileRef = 2EDCEF382ACABEC30003E518 /* MovieListViewController.swift */; };
		2EDCEF3B2ACABECD0003E518 /* MovieListPresenter.swift in Sources */ = {isa = PBXBuildFile; fileRef = 2EDCEF3A2ACABECD0003E518 /* MovieListPresenter.swift */; };
		2EDCEF3D2ACABED60003E518 /* MovieListInteractor.swift in Sources */ = {isa = PBXBuildFile; fileRef = 2EDCEF3C2ACABED60003E518 /* MovieListInteractor.swift */; };
		2EDCEF3F2ACABEDE0003E518 /* MovieListRouter.swift in Sources */ = {isa = PBXBuildFile; fileRef = 2EDCEF3E2ACABEDE0003E518 /* MovieListRouter.swift */; };
		2EDCEF422ACAC1950003E518 /* PopularMovieEntity.swift in Sources */ = {isa = PBXBuildFile; fileRef = 2EDCEF412ACAC1950003E518 /* PopularMovieEntity.swift */; };
		2EDCEF462ACAD1550003E518 /* MovieCellView.swift in Sources */ = {isa = PBXBuildFile; fileRef = 2EDCEF452ACAD1550003E518 /* MovieCellView.swift */; };
		2EDCEF482ACADD9A0003E518 /* MovieListView.swift in Sources */ = {isa = PBXBuildFile; fileRef = 2EDCEF472ACADD9A0003E518 /* MovieListView.swift */; };
		2EDCEF4B2ACB05360003E518 /* MovieModel.swift in Sources */ = {isa = PBXBuildFile; fileRef = 2EDCEF4A2ACB05360003E518 /* MovieModel.swift */; };
		2EDCEF4D2ACB08030003E518 /* MappingService.swift in Sources */ = {isa = PBXBuildFile; fileRef = 2EDCEF4C2ACB08030003E518 /* MappingService.swift */; };
		2EDCEF502ACB09890003E518 /* URLManager.swift in Sources */ = {isa = PBXBuildFile; fileRef = 2EDCEF4F2ACB09890003E518 /* URLManager.swift */; };
		2EDCEF522ACB0AFC0003E518 /* NetworkService.swift in Sources */ = {isa = PBXBuildFile; fileRef = 2EDCEF512ACB0AFC0003E518 /* NetworkService.swift */; };
		2EDCEF552ACB28A80003E518 /* MovieListModuleBuilder.swift in Sources */ = {isa = PBXBuildFile; fileRef = 2EDCEF542ACB28A80003E518 /* MovieListModuleBuilder.swift */; };
/* End PBXBuildFile section */

/* Begin PBXFileReference section */
		2E40387D2AD00EF300EF9B5C /* PopularMoviesView.swift */ = {isa = PBXFileReference; lastKnownFileType = sourcecode.swift; path = PopularMoviesView.swift; sourceTree = "<group>"; };
		2E40387F2AD00F0500EF9B5C /* PopularMoviesViewController.swift */ = {isa = PBXFileReference; lastKnownFileType = sourcecode.swift; path = PopularMoviesViewController.swift; sourceTree = "<group>"; };
		2E4038812AD00F1600EF9B5C /* PopularMoviesPresenter.swift */ = {isa = PBXFileReference; lastKnownFileType = sourcecode.swift; path = PopularMoviesPresenter.swift; sourceTree = "<group>"; };
		2E4038832AD00F2100EF9B5C /* PopularMoviesInteractor.swift */ = {isa = PBXFileReference; lastKnownFileType = sourcecode.swift; path = PopularMoviesInteractor.swift; sourceTree = "<group>"; };
		2E4038852AD00F2B00EF9B5C /* PopularMoviesRouter.swift */ = {isa = PBXFileReference; lastKnownFileType = sourcecode.swift; path = PopularMoviesRouter.swift; sourceTree = "<group>"; };
		2E4038872AD00F3300EF9B5C /* PopularMoviewBuilder.swift */ = {isa = PBXFileReference; lastKnownFileType = sourcecode.swift; path = PopularMoviewBuilder.swift; sourceTree = "<group>"; };
		2E4038892AD01FC700EF9B5C /* StoryCell.swift */ = {isa = PBXFileReference; lastKnownFileType = sourcecode.swift; path = StoryCell.swift; sourceTree = "<group>"; };
		2E4038912AD045FA00EF9B5C /* ContainerViewController.swift */ = {isa = PBXFileReference; lastKnownFileType = sourcecode.swift; path = ContainerViewController.swift; sourceTree = "<group>"; };
		2E474B732ACD97B700707045 /* DetailModuleBuilder.swift */ = {isa = PBXFileReference; lastKnownFileType = sourcecode.swift; path = DetailModuleBuilder.swift; sourceTree = "<group>"; };
		2E474B752ACDA13200707045 /* Readme */ = {isa = PBXFileReference; lastKnownFileType = text; path = Readme; sourceTree = "<group>"; };
		2EAF79292ACC04440064E2E1 /* DetailView.swift */ = {isa = PBXFileReference; lastKnownFileType = sourcecode.swift; path = DetailView.swift; sourceTree = "<group>"; };
		2EAF792B2ACC044E0064E2E1 /* DetailViewController.swift */ = {isa = PBXFileReference; lastKnownFileType = sourcecode.swift; path = DetailViewController.swift; sourceTree = "<group>"; };
		2EAF792D2ACC04570064E2E1 /* DetailPresenter.swift */ = {isa = PBXFileReference; lastKnownFileType = sourcecode.swift; path = DetailPresenter.swift; sourceTree = "<group>"; };
		2EAF792F2ACC04600064E2E1 /* DetailInteractor.swift */ = {isa = PBXFileReference; lastKnownFileType = sourcecode.swift; path = DetailInteractor.swift; sourceTree = "<group>"; };
		2EAF79312ACC04680064E2E1 /* DetailRouter.swift */ = {isa = PBXFileReference; lastKnownFileType = sourcecode.swift; path = DetailRouter.swift; sourceTree = "<group>"; };
		2EAF79332ACC04750064E2E1 /* DetailEntity.swift */ = {isa = PBXFileReference; lastKnownFileType = sourcecode.swift; path = DetailEntity.swift; sourceTree = "<group>"; };
		2EAF79362ACC07300064E2E1 /* DetailModel.swift */ = {isa = PBXFileReference; lastKnownFileType = sourcecode.swift; path = DetailModel.swift; sourceTree = "<group>"; };
		2EDCEF202AC6D4360003E518 /* VIPER-Practice.app */ = {isa = PBXFileReference; explicitFileType = wrapper.application; includeInIndex = 0; path = "VIPER-Practice.app"; sourceTree = BUILT_PRODUCTS_DIR; };
		2EDCEF232AC6D4360003E518 /* AppDelegate.swift */ = {isa = PBXFileReference; lastKnownFileType = sourcecode.swift; path = AppDelegate.swift; sourceTree = "<group>"; };
		2EDCEF252AC6D4360003E518 /* SceneDelegate.swift */ = {isa = PBXFileReference; lastKnownFileType = sourcecode.swift; path = SceneDelegate.swift; sourceTree = "<group>"; };
		2EDCEF2C2AC6D4370003E518 /* Assets.xcassets */ = {isa = PBXFileReference; lastKnownFileType = folder.assetcatalog; path = Assets.xcassets; sourceTree = "<group>"; };
		2EDCEF2F2AC6D4370003E518 /* Base */ = {isa = PBXFileReference; lastKnownFileType = file.storyboard; name = Base; path = Base.lproj/LaunchScreen.storyboard; sourceTree = "<group>"; };
		2EDCEF312AC6D4370003E518 /* Info.plist */ = {isa = PBXFileReference; lastKnownFileType = text.plist.xml; path = Info.plist; sourceTree = "<group>"; };
		2EDCEF382ACABEC30003E518 /* MovieListViewController.swift */ = {isa = PBXFileReference; lastKnownFileType = sourcecode.swift; path = MovieListViewController.swift; sourceTree = "<group>"; };
		2EDCEF3A2ACABECD0003E518 /* MovieListPresenter.swift */ = {isa = PBXFileReference; lastKnownFileType = sourcecode.swift; path = MovieListPresenter.swift; sourceTree = "<group>"; };
		2EDCEF3C2ACABED60003E518 /* MovieListInteractor.swift */ = {isa = PBXFileReference; lastKnownFileType = sourcecode.swift; path = MovieListInteractor.swift; sourceTree = "<group>"; };
		2EDCEF3E2ACABEDE0003E518 /* MovieListRouter.swift */ = {isa = PBXFileReference; lastKnownFileType = sourcecode.swift; path = MovieListRouter.swift; sourceTree = "<group>"; };
		2EDCEF412ACAC1950003E518 /* PopularMovieEntity.swift */ = {isa = PBXFileReference; lastKnownFileType = sourcecode.swift; path = PopularMovieEntity.swift; sourceTree = "<group>"; };
		2EDCEF452ACAD1550003E518 /* MovieCellView.swift */ = {isa = PBXFileReference; lastKnownFileType = sourcecode.swift; path = MovieCellView.swift; sourceTree = "<group>"; };
		2EDCEF472ACADD9A0003E518 /* MovieListView.swift */ = {isa = PBXFileReference; lastKnownFileType = sourcecode.swift; path = MovieListView.swift; sourceTree = "<group>"; };
		2EDCEF4A2ACB05360003E518 /* MovieModel.swift */ = {isa = PBXFileReference; lastKnownFileType = sourcecode.swift; path = MovieModel.swift; sourceTree = "<group>"; };
		2EDCEF4C2ACB08030003E518 /* MappingService.swift */ = {isa = PBXFileReference; lastKnownFileType = sourcecode.swift; path = MappingService.swift; sourceTree = "<group>"; };
		2EDCEF4F2ACB09890003E518 /* URLManager.swift */ = {isa = PBXFileReference; lastKnownFileType = sourcecode.swift; path = URLManager.swift; sourceTree = "<group>"; };
		2EDCEF512ACB0AFC0003E518 /* NetworkService.swift */ = {isa = PBXFileReference; lastKnownFileType = sourcecode.swift; path = NetworkService.swift; sourceTree = "<group>"; };
		2EDCEF542ACB28A80003E518 /* MovieListModuleBuilder.swift */ = {isa = PBXFileReference; lastKnownFileType = sourcecode.swift; path = MovieListModuleBuilder.swift; sourceTree = "<group>"; };
/* End PBXFileReference section */

/* Begin PBXFrameworksBuildPhase section */
		2EDCEF1D2AC6D4360003E518 /* Frameworks */ = {
			isa = PBXFrameworksBuildPhase;
			buildActionMask = 2147483647;
			files = (
			);
			runOnlyForDeploymentPostprocessing = 0;
		};
/* End PBXFrameworksBuildPhase section */

/* Begin PBXGroup section */
		2E40387C2AD00EDA00EF9B5C /* PopularMovies */ = {
			isa = PBXGroup;
			children = (
				2E40387D2AD00EF300EF9B5C /* PopularMoviesView.swift */,
				2E40387F2AD00F0500EF9B5C /* PopularMoviesViewController.swift */,
				2E4038812AD00F1600EF9B5C /* PopularMoviesPresenter.swift */,
				2E4038832AD00F2100EF9B5C /* PopularMoviesInteractor.swift */,
				2E4038852AD00F2B00EF9B5C /* PopularMoviesRouter.swift */,
				2E4038872AD00F3300EF9B5C /* PopularMoviewBuilder.swift */,
				2E40388B2AD01FCA00EF9B5C /* Components */,
			);
			path = PopularMovies;
			sourceTree = "<group>";
		};
		2E40388B2AD01FCA00EF9B5C /* Components */ = {
			isa = PBXGroup;
			children = (
				2E4038892AD01FC700EF9B5C /* StoryCell.swift */,
			);
			path = Components;
			sourceTree = "<group>";
		};
		2E40388E2AD0401800EF9B5C /* MainView */ = {
			isa = PBXGroup;
			children = (
				2E4038912AD045FA00EF9B5C /* ContainerViewController.swift */,
			);
			path = MainView;
			sourceTree = "<group>";
		};
		2EAF79282ACC04300064E2E1 /* MovieDetails */ = {
			isa = PBXGroup;
			children = (
				2EAF79292ACC04440064E2E1 /* DetailView.swift */,
				2EAF792B2ACC044E0064E2E1 /* DetailViewController.swift */,
				2EAF792D2ACC04570064E2E1 /* DetailPresenter.swift */,
				2EAF792F2ACC04600064E2E1 /* DetailInteractor.swift */,
				2EAF79312ACC04680064E2E1 /* DetailRouter.swift */,
				2E474B732ACD97B700707045 /* DetailModuleBuilder.swift */,
				2EAF79352ACC04780064E2E1 /* Entites */,
			);
			path = MovieDetails;
			sourceTree = "<group>";
		};
		2EAF79352ACC04780064E2E1 /* Entites */ = {
			isa = PBXGroup;
			children = (
				2EAF79332ACC04750064E2E1 /* DetailEntity.swift */,
				2EAF79382ACC07350064E2E1 /* Model */,
			);
			path = Entites;
			sourceTree = "<group>";
		};
		2EAF79382ACC07350064E2E1 /* Model */ = {
			isa = PBXGroup;
			children = (
				2EAF79362ACC07300064E2E1 /* DetailModel.swift */,
			);
			path = Model;
			sourceTree = "<group>";
		};
		2EDCEF172AC6D4360003E518 = {
			isa = PBXGroup;
			children = (
				2EDCEF222AC6D4360003E518 /* VIPER-Practice */,
				2EDCEF212AC6D4360003E518 /* Products */,
			);
			sourceTree = "<group>";
		};
		2EDCEF212AC6D4360003E518 /* Products */ = {
			isa = PBXGroup;
			children = (
				2EDCEF202AC6D4360003E518 /* VIPER-Practice.app */,
			);
			name = Products;
			sourceTree = "<group>";
		};
		2EDCEF222AC6D4360003E518 /* VIPER-Practice */ = {
			isa = PBXGroup;
			children = (
				2EDCEF232AC6D4360003E518 /* AppDelegate.swift */,
				2EDCEF252AC6D4360003E518 /* SceneDelegate.swift */,
				2E40388E2AD0401800EF9B5C /* MainView */,
				2E40387C2AD00EDA00EF9B5C /* PopularMovies */,
				2EDCEF372ACABE720003E518 /* ListOfMovies */,
				2EAF79282ACC04300064E2E1 /* MovieDetails */,
				2EDCEF4E2ACB097C0003E518 /* Service */,
				2EDCEF2C2AC6D4370003E518 /* Assets.xcassets */,
				2E474B752ACDA13200707045 /* Readme */,
				2EDCEF2E2AC6D4370003E518 /* LaunchScreen.storyboard */,
				2EDCEF312AC6D4370003E518 /* Info.plist */,
			);
			path = "VIPER-Practice";
			sourceTree = "<group>";
		};
		2EDCEF372ACABE720003E518 /* ListOfMovies */ = {
			isa = PBXGroup;
			children = (
				2EDCEF472ACADD9A0003E518 /* MovieListView.swift */,
				2EDCEF382ACABEC30003E518 /* MovieListViewController.swift */,
				2EDCEF3A2ACABECD0003E518 /* MovieListPresenter.swift */,
				2EDCEF3C2ACABED60003E518 /* MovieListInteractor.swift */,
				2EDCEF3E2ACABEDE0003E518 /* MovieListRouter.swift */,
				2EDCEF542ACB28A80003E518 /* MovieListModuleBuilder.swift */,
				2EDCEF532ACB0CC90003E518 /* Components */,
				2EDCEF402ACABEE90003E518 /* Entites */,
			);
			path = ListOfMovies;
			sourceTree = "<group>";
		};
		2EDCEF402ACABEE90003E518 /* Entites */ = {
			isa = PBXGroup;
			children = (
				2EDCEF412ACAC1950003E518 /* PopularMovieEntity.swift */,
				2EDCEF492ACB04FC0003E518 /* Model */,
			);
			path = Entites;
			sourceTree = "<group>";
		};
		2EDCEF492ACB04FC0003E518 /* Model */ = {
			isa = PBXGroup;
			children = (
				2EDCEF4A2ACB05360003E518 /* MovieModel.swift */,
			);
			path = Model;
			sourceTree = "<group>";
		};
		2EDCEF4E2ACB097C0003E518 /* Service */ = {
			isa = PBXGroup;
			children = (
				2EDCEF4C2ACB08030003E518 /* MappingService.swift */,
				2EDCEF4F2ACB09890003E518 /* URLManager.swift */,
				2EDCEF512ACB0AFC0003E518 /* NetworkService.swift */,
			);
			path = Service;
			sourceTree = "<group>";
		};
		2EDCEF532ACB0CC90003E518 /* Components */ = {
			isa = PBXGroup;
			children = (
				2EDCEF452ACAD1550003E518 /* MovieCellView.swift */,
			);
			path = Components;
			sourceTree = "<group>";
		};
/* End PBXGroup section */

/* Begin PBXNativeTarget section */
		2EDCEF1F2AC6D4360003E518 /* VIPER-Practice */ = {
			isa = PBXNativeTarget;
			buildConfigurationList = 2EDCEF342AC6D4370003E518 /* Build configuration list for PBXNativeTarget "VIPER-Practice" */;
			buildPhases = (
				2EDCEF1C2AC6D4360003E518 /* Sources */,
				2EDCEF1D2AC6D4360003E518 /* Frameworks */,
				2EDCEF1E2AC6D4360003E518 /* Resources */,
			);
			buildRules = (
			);
			dependencies = (
			);
			name = "VIPER-Practice";
			productName = "VIPER-Practice";
			productReference = 2EDCEF202AC6D4360003E518 /* VIPER-Practice.app */;
			productType = "com.apple.product-type.application";
		};
/* End PBXNativeTarget section */

/* Begin PBXProject section */
		2EDCEF182AC6D4360003E518 /* Project object */ = {
			isa = PBXProject;
			attributes = {
				BuildIndependentTargetsInParallel = 1;
				LastSwiftUpdateCheck = 1500;
				LastUpgradeCheck = 1500;
				TargetAttributes = {
					2EDCEF1F2AC6D4360003E518 = {
						CreatedOnToolsVersion = 15.0;
					};
				};
			};
			buildConfigurationList = 2EDCEF1B2AC6D4360003E518 /* Build configuration list for PBXProject "VIPER-Practice" */;
			compatibilityVersion = "Xcode 14.0";
			developmentRegion = en;
			hasScannedForEncodings = 0;
			knownRegions = (
				en,
				Base,
			);
			mainGroup = 2EDCEF172AC6D4360003E518;
			productRefGroup = 2EDCEF212AC6D4360003E518 /* Products */;
			projectDirPath = "";
			projectRoot = "";
			targets = (
				2EDCEF1F2AC6D4360003E518 /* VIPER-Practice */,
			);
		};
/* End PBXProject section */

/* Begin PBXResourcesBuildPhase section */
		2EDCEF1E2AC6D4360003E518 /* Resources */ = {
			isa = PBXResourcesBuildPhase;
			buildActionMask = 2147483647;
			files = (
				2EDCEF302AC6D4370003E518 /* LaunchScreen.storyboard in Resources */,
				2E474B762ACDA13200707045 /* Readme in Resources */,
				2EDCEF2D2AC6D4370003E518 /* Assets.xcassets in Resources */,
			);
			runOnlyForDeploymentPostprocessing = 0;
		};
/* End PBXResourcesBuildPhase section */

/* Begin PBXSourcesBuildPhase section */
		2EDCEF1C2AC6D4360003E518 /* Sources */ = {
			isa = PBXSourcesBuildPhase;
			buildActionMask = 2147483647;
			files = (
				2EDCEF392ACABEC30003E518 /* MovieListViewController.swift in Sources */,
				2E4038842AD00F2100EF9B5C /* PopularMoviesInteractor.swift in Sources */,
				2E40388A2AD01FC700EF9B5C /* StoryCell.swift in Sources */,
				2EDCEF3D2ACABED60003E518 /* MovieListInteractor.swift in Sources */,
				2EDCEF502ACB09890003E518 /* URLManager.swift in Sources */,
				2EAF79322ACC04680064E2E1 /* DetailRouter.swift in Sources */,
				2E4038862AD00F2B00EF9B5C /* PopularMoviesRouter.swift in Sources */,
				2EAF79302ACC04600064E2E1 /* DetailInteractor.swift in Sources */,
				2EDCEF552ACB28A80003E518 /* MovieListModuleBuilder.swift in Sources */,
				2EDCEF4B2ACB05360003E518 /* MovieModel.swift in Sources */,
				2EDCEF4D2ACB08030003E518 /* MappingService.swift in Sources */,
				2EDCEF522ACB0AFC0003E518 /* NetworkService.swift in Sources */,
				2EAF79372ACC07300064E2E1 /* DetailModel.swift in Sources */,
				2EAF79342ACC04750064E2E1 /* DetailEntity.swift in Sources */,
				2E40387E2AD00EF300EF9B5C /* PopularMoviesView.swift in Sources */,
				2EAF792C2ACC044E0064E2E1 /* DetailViewController.swift in Sources */,
				2EDCEF462ACAD1550003E518 /* MovieCellView.swift in Sources */,
				2EDCEF422ACAC1950003E518 /* PopularMovieEntity.swift in Sources */,
				2EDCEF3B2ACABECD0003E518 /* MovieListPresenter.swift in Sources */,
				2E4038882AD00F3300EF9B5C /* PopularMoviewBuilder.swift in Sources */,
				2EDCEF3F2ACABEDE0003E518 /* MovieListRouter.swift in Sources */,
				2EDCEF242AC6D4360003E518 /* AppDelegate.swift in Sources */,
				2EDCEF482ACADD9A0003E518 /* MovieListView.swift in Sources */,
				2E4038802AD00F0500EF9B5C /* PopularMoviesViewController.swift in Sources */,
				2E4038922AD045FA00EF9B5C /* ContainerViewController.swift in Sources */,
				2E4038822AD00F1600EF9B5C /* PopularMoviesPresenter.swift in Sources */,
				2E474B742ACD97B700707045 /* DetailModuleBuilder.swift in Sources */,
				2EAF792A2ACC04440064E2E1 /* DetailView.swift in Sources */,
				2EDCEF262AC6D4360003E518 /* SceneDelegate.swift in Sources */,
				2EAF792E2ACC04570064E2E1 /* DetailPresenter.swift in Sources */,
			);
			runOnlyForDeploymentPostprocessing = 0;
		};
/* End PBXSourcesBuildPhase section */

/* Begin PBXVariantGroup section */
		2EDCEF2E2AC6D4370003E518 /* LaunchScreen.storyboard */ = {
			isa = PBXVariantGroup;
			children = (
				2EDCEF2F2AC6D4370003E518 /* Base */,
			);
			name = LaunchScreen.storyboard;
			sourceTree = "<group>";
		};
/* End PBXVariantGroup section */

/* Begin XCBuildConfiguration section */
		2EDCEF322AC6D4370003E518 /* Debug */ = {
			isa = XCBuildConfiguration;
			buildSettings = {
				ALWAYS_SEARCH_USER_PATHS = NO;
				ASSETCATALOG_COMPILER_GENERATE_SWIFT_ASSET_SYMBOL_EXTENSIONS = YES;
				CLANG_ANALYZER_NONNULL = YES;
				CLANG_ANALYZER_NUMBER_OBJECT_CONVERSION = YES_AGGRESSIVE;
				CLANG_CXX_LANGUAGE_STANDARD = "gnu++20";
				CLANG_ENABLE_MODULES = YES;
				CLANG_ENABLE_OBJC_ARC = YES;
				CLANG_ENABLE_OBJC_WEAK = YES;
				CLANG_WARN_BLOCK_CAPTURE_AUTORELEASING = YES;
				CLANG_WARN_BOOL_CONVERSION = YES;
				CLANG_WARN_COMMA = YES;
				CLANG_WARN_CONSTANT_CONVERSION = YES;
				CLANG_WARN_DEPRECATED_OBJC_IMPLEMENTATIONS = YES;
				CLANG_WARN_DIRECT_OBJC_ISA_USAGE = YES_ERROR;
				CLANG_WARN_DOCUMENTATION_COMMENTS = YES;
				CLANG_WARN_EMPTY_BODY = YES;
				CLANG_WARN_ENUM_CONVERSION = YES;
				CLANG_WARN_INFINITE_RECURSION = YES;
				CLANG_WARN_INT_CONVERSION = YES;
				CLANG_WARN_NON_LITERAL_NULL_CONVERSION = YES;
				CLANG_WARN_OBJC_IMPLICIT_RETAIN_SELF = YES;
				CLANG_WARN_OBJC_LITERAL_CONVERSION = YES;
				CLANG_WARN_OBJC_ROOT_CLASS = YES_ERROR;
				CLANG_WARN_QUOTED_INCLUDE_IN_FRAMEWORK_HEADER = YES;
				CLANG_WARN_RANGE_LOOP_ANALYSIS = YES;
				CLANG_WARN_STRICT_PROTOTYPES = YES;
				CLANG_WARN_SUSPICIOUS_MOVE = YES;
				CLANG_WARN_UNGUARDED_AVAILABILITY = YES_AGGRESSIVE;
				CLANG_WARN_UNREACHABLE_CODE = YES;
				CLANG_WARN__DUPLICATE_METHOD_MATCH = YES;
				COPY_PHASE_STRIP = NO;
				DEBUG_INFORMATION_FORMAT = dwarf;
				ENABLE_STRICT_OBJC_MSGSEND = YES;
				ENABLE_TESTABILITY = YES;
				ENABLE_USER_SCRIPT_SANDBOXING = YES;
				GCC_C_LANGUAGE_STANDARD = gnu17;
				GCC_DYNAMIC_NO_PIC = NO;
				GCC_NO_COMMON_BLOCKS = YES;
				GCC_OPTIMIZATION_LEVEL = 0;
				GCC_PREPROCESSOR_DEFINITIONS = (
					"DEBUG=1",
					"$(inherited)",
				);
				GCC_WARN_64_TO_32_BIT_CONVERSION = YES;
				GCC_WARN_ABOUT_RETURN_TYPE = YES_ERROR;
				GCC_WARN_UNDECLARED_SELECTOR = YES;
				GCC_WARN_UNINITIALIZED_AUTOS = YES_AGGRESSIVE;
				GCC_WARN_UNUSED_FUNCTION = YES;
				GCC_WARN_UNUSED_VARIABLE = YES;
				IPHONEOS_DEPLOYMENT_TARGET = 16.0;
				LOCALIZATION_PREFERS_STRING_CATALOGS = YES;
				MTL_ENABLE_DEBUG_INFO = INCLUDE_SOURCE;
				MTL_FAST_MATH = YES;
				ONLY_ACTIVE_ARCH = YES;
				SDKROOT = iphoneos;
				SWIFT_ACTIVE_COMPILATION_CONDITIONS = "DEBUG $(inherited)";
				SWIFT_OPTIMIZATION_LEVEL = "-Onone";
			};
			name = Debug;
		};
		2EDCEF332AC6D4370003E518 /* Release */ = {
			isa = XCBuildConfiguration;
			buildSettings = {
				ALWAYS_SEARCH_USER_PATHS = NO;
				ASSETCATALOG_COMPILER_GENERATE_SWIFT_ASSET_SYMBOL_EXTENSIONS = YES;
				CLANG_ANALYZER_NONNULL = YES;
				CLANG_ANALYZER_NUMBER_OBJECT_CONVERSION = YES_AGGRESSIVE;
				CLANG_CXX_LANGUAGE_STANDARD = "gnu++20";
				CLANG_ENABLE_MODULES = YES;
				CLANG_ENABLE_OBJC_ARC = YES;
				CLANG_ENABLE_OBJC_WEAK = YES;
				CLANG_WARN_BLOCK_CAPTURE_AUTORELEASING = YES;
				CLANG_WARN_BOOL_CONVERSION = YES;
				CLANG_WARN_COMMA = YES;
				CLANG_WARN_CONSTANT_CONVERSION = YES;
				CLANG_WARN_DEPRECATED_OBJC_IMPLEMENTATIONS = YES;
				CLANG_WARN_DIRECT_OBJC_ISA_USAGE = YES_ERROR;
				CLANG_WARN_DOCUMENTATION_COMMENTS = YES;
				CLANG_WARN_EMPTY_BODY = YES;
				CLANG_WARN_ENUM_CONVERSION = YES;
				CLANG_WARN_INFINITE_RECURSION = YES;
				CLANG_WARN_INT_CONVERSION = YES;
				CLANG_WARN_NON_LITERAL_NULL_CONVERSION = YES;
				CLANG_WARN_OBJC_IMPLICIT_RETAIN_SELF = YES;
				CLANG_WARN_OBJC_LITERAL_CONVERSION = YES;
				CLANG_WARN_OBJC_ROOT_CLASS = YES_ERROR;
				CLANG_WARN_QUOTED_INCLUDE_IN_FRAMEWORK_HEADER = YES;
				CLANG_WARN_RANGE_LOOP_ANALYSIS = YES;
				CLANG_WARN_STRICT_PROTOTYPES = YES;
				CLANG_WARN_SUSPICIOUS_MOVE = YES;
				CLANG_WARN_UNGUARDED_AVAILABILITY = YES_AGGRESSIVE;
				CLANG_WARN_UNREACHABLE_CODE = YES;
				CLANG_WARN__DUPLICATE_METHOD_MATCH = YES;
				COPY_PHASE_STRIP = NO;
				DEBUG_INFORMATION_FORMAT = "dwarf-with-dsym";
				ENABLE_NS_ASSERTIONS = NO;
				ENABLE_STRICT_OBJC_MSGSEND = YES;
				ENABLE_USER_SCRIPT_SANDBOXING = YES;
				GCC_C_LANGUAGE_STANDARD = gnu17;
				GCC_NO_COMMON_BLOCKS = YES;
				GCC_WARN_64_TO_32_BIT_CONVERSION = YES;
				GCC_WARN_ABOUT_RETURN_TYPE = YES_ERROR;
				GCC_WARN_UNDECLARED_SELECTOR = YES;
				GCC_WARN_UNINITIALIZED_AUTOS = YES_AGGRESSIVE;
				GCC_WARN_UNUSED_FUNCTION = YES;
				GCC_WARN_UNUSED_VARIABLE = YES;
				IPHONEOS_DEPLOYMENT_TARGET = 16.0;
				LOCALIZATION_PREFERS_STRING_CATALOGS = YES;
				MTL_ENABLE_DEBUG_INFO = NO;
				MTL_FAST_MATH = YES;
				SDKROOT = iphoneos;
				SWIFT_COMPILATION_MODE = wholemodule;
				VALIDATE_PRODUCT = YES;
			};
			name = Release;
		};
		2EDCEF352AC6D4370003E518 /* Debug */ = {
			isa = XCBuildConfiguration;
			buildSettings = {
				ASSETCATALOG_COMPILER_APPICON_NAME = AppIcon;
				ASSETCATALOG_COMPILER_GLOBAL_ACCENT_COLOR_NAME = AccentColor;
				CODE_SIGN_STYLE = Automatic;
				CURRENT_PROJECT_VERSION = 1;
				DEVELOPMENT_TEAM = P6R38RDHSX;
				GENERATE_INFOPLIST_FILE = YES;
				INFOPLIST_FILE = "VIPER-Practice/Info.plist";
				INFOPLIST_KEY_UIApplicationSupportsIndirectInputEvents = YES;
				INFOPLIST_KEY_UILaunchStoryboardName = LaunchScreen;
				INFOPLIST_KEY_UISupportedInterfaceOrientations_iPad = "UIInterfaceOrientationPortrait UIInterfaceOrientationPortraitUpsideDown UIInterfaceOrientationLandscapeLeft UIInterfaceOrientationLandscapeRight";
				INFOPLIST_KEY_UISupportedInterfaceOrientations_iPhone = "UIInterfaceOrientationPortrait UIInterfaceOrientationLandscapeLeft UIInterfaceOrientationLandscapeRight";
				IPHONEOS_DEPLOYMENT_TARGET = 16.0;
				LD_RUNPATH_SEARCH_PATHS = (
					"$(inherited)",
					"@executable_path/Frameworks",
				);
				MARKETING_VERSION = 1.0;
				PRODUCT_BUNDLE_IDENTIFIER = "-.VIPER-Practice";
				PRODUCT_NAME = "$(TARGET_NAME)";
				SWIFT_EMIT_LOC_STRINGS = YES;
				SWIFT_VERSION = 5.0;
				TARGETED_DEVICE_FAMILY = "1,2";
			};
			name = Debug;
		};
		2EDCEF362AC6D4370003E518 /* Release */ = {
			isa = XCBuildConfiguration;
			buildSettings = {
				ASSETCATALOG_COMPILER_APPICON_NAME = AppIcon;
				ASSETCATALOG_COMPILER_GLOBAL_ACCENT_COLOR_NAME = AccentColor;
				CODE_SIGN_STYLE = Automatic;
				CURRENT_PROJECT_VERSION = 1;
				DEVELOPMENT_TEAM = P6R38RDHSX;
				GENERATE_INFOPLIST_FILE = YES;
				INFOPLIST_FILE = "VIPER-Practice/Info.plist";
				INFOPLIST_KEY_UIApplicationSupportsIndirectInputEvents = YES;
				INFOPLIST_KEY_UILaunchStoryboardName = LaunchScreen;
				INFOPLIST_KEY_UISupportedInterfaceOrientations_iPad = "UIInterfaceOrientationPortrait UIInterfaceOrientationPortraitUpsideDown UIInterfaceOrientationLandscapeLeft UIInterfaceOrientationLandscapeRight";
				INFOPLIST_KEY_UISupportedInterfaceOrientations_iPhone = "UIInterfaceOrientationPortrait UIInterfaceOrientationLandscapeLeft UIInterfaceOrientationLandscapeRight";
				IPHONEOS_DEPLOYMENT_TARGET = 16.0;
				LD_RUNPATH_SEARCH_PATHS = (
					"$(inherited)",
					"@executable_path/Frameworks",
				);
				MARKETING_VERSION = 1.0;
				PRODUCT_BUNDLE_IDENTIFIER = "-.VIPER-Practice";
				PRODUCT_NAME = "$(TARGET_NAME)";
				SWIFT_EMIT_LOC_STRINGS = YES;
				SWIFT_VERSION = 5.0;
				TARGETED_DEVICE_FAMILY = "1,2";
			};
			name = Release;
		};
/* End XCBuildConfiguration section */

/* Begin XCConfigurationList section */
		2EDCEF1B2AC6D4360003E518 /* Build configuration list for PBXProject "VIPER-Practice" */ = {
			isa = XCConfigurationList;
			buildConfigurations = (
				2EDCEF322AC6D4370003E518 /* Debug */,
				2EDCEF332AC6D4370003E518 /* Release */,
			);
			defaultConfigurationIsVisible = 0;
			defaultConfigurationName = Release;
		};
		2EDCEF342AC6D4370003E518 /* Build configuration list for PBXNativeTarget "VIPER-Practice" */ = {
			isa = XCConfigurationList;
			buildConfigurations = (
				2EDCEF352AC6D4370003E518 /* Debug */,
				2EDCEF362AC6D4370003E518 /* Release */,
			);
			defaultConfigurationIsVisible = 0;
			defaultConfigurationName = Release;
		};
/* End XCConfigurationList section */
	};
	rootObject = 2EDCEF182AC6D4360003E518 /* Project object */;
}
